
Microsoft Visual Studio Solution File, Format Version 12.00
# Visual Studio 15
VisualStudioVersion = 15.0.28307.136
MinimumVisualStudioVersion = 10.0.40219.1
Project("{FAE04EC0-301F-11D3-BF4B-00C04F79EFBC}") = "Session_9_Iterators_Comparators_Lec", "Session_9_Iterators_Comparators_Lec\Session_9_Iterators_Comparators_Lec.csproj", "{CE6A959C-7F0A-42D3-AEB2-E79A5A1EC41F}"
EndProject
Global
	GlobalSection(SolutionConfigurationPlatforms) = preSolution
		Debug|Any CPU = Debug|Any CPU
		Release|Any CPU = Release|Any CPU
	EndGlobalSection
	GlobalSection(ProjectConfigurationPlatforms) = postSolution
		{CE6A959C-7F0A-42D3-AEB2-E79A5A1EC41F}.Debug|Any CPU.ActiveCfg = Debug|Any CPU
		{CE6A959C-7F0A-42D3-AEB2-E79A5A1EC41F}.Debug|Any CPU.Build.0 = Debug|Any CPU
		{CE6A959C-7F0A-42D3-AEB2-E79A5A1EC41F}.Release|Any CPU.ActiveCfg = Release|Any CPU
		{CE6A959C-7F0A-42D3-AEB2-E79A5A1EC41F}.Release|Any CPU.Build.0 = Release|Any CPU
	EndGlobalSection
	GlobalSection(SolutionProperties) = preSolution
		HideSolutionNode = FALSE
	EndGlobalSection
	GlobalSection(ExtensibilityGlobals) = postSolution
		SolutionGuid = {330224F3-05FB-4193-BA2E-92C536DF9815}
	EndGlobalSection
EndGlobal
