
Microsoft Visual Studio Solution File, Format Version 12.00
# Visual Studio 15
VisualStudioVersion = 15.0.28307.106
MinimumVisualStudioVersion = 10.0.40219.1
Project("{FAE04EC0-301F-11D3-BF4B-00C04F79EFBC}") = "Session_6_Functional_Programing_Ex", "Session_6_Functional_Programing_Ex\Session_6_Functional_Programing_Ex.csproj", "{3E9FB522-82E4-40B6-80A6-937A727D97BF}"
EndProject
Global
	GlobalSection(SolutionConfigurationPlatforms) = preSolution
		Debug|Any CPU = Debug|Any CPU
		Release|Any CPU = Release|Any CPU
	EndGlobalSection
	GlobalSection(ProjectConfigurationPlatforms) = postSolution
		{3E9FB522-82E4-40B6-80A6-937A727D97BF}.Debug|Any CPU.ActiveCfg = Debug|Any CPU
		{3E9FB522-82E4-40B6-80A6-937A727D97BF}.Debug|Any CPU.Build.0 = Debug|Any CPU
		{3E9FB522-82E4-40B6-80A6-937A727D97BF}.Release|Any CPU.ActiveCfg = Release|Any CPU
		{3E9FB522-82E4-40B6-80A6-937A727D97BF}.Release|Any CPU.Build.0 = Release|Any CPU
	EndGlobalSection
	GlobalSection(SolutionProperties) = preSolution
		HideSolutionNode = FALSE
	EndGlobalSection
	GlobalSection(ExtensibilityGlobals) = postSolution
		SolutionGuid = {25154DCA-1A62-4FB3-80E4-E28777571D15}
	EndGlobalSection
EndGlobal
